
Microsoft Visual Studio Solution File, Format Version 12.00
# Visual Studio Version 16
VisualStudioVersion = 16.0.30225.117
MinimumVisualStudioVersion = 10.0.40219.1
Project("{FAE04EC0-301F-11D3-BF4B-00C04F79EFBC}") = "BethanysPieShop", "BethanysPieShop\BethanysPieShop.csproj", "{DA27AE9F-B5CF-4D8B-8881-8C73D9400790}"
EndProject
Global
	GlobalSection(SolutionConfigurationPlatforms) = preSolution
		Debug|Any CPU = Debug|Any CPU
		Release|Any CPU = Release|Any CPU
	EndGlobalSection
	GlobalSection(ProjectConfigurationPlatforms) = postSolution
		{DA27AE9F-B5CF-4D8B-8881-8C73D9400790}.Debug|Any CPU.ActiveCfg = Debug|Any CPU
		{DA27AE9F-B5CF-4D8B-8881-8C73D9400790}.Debug|Any CPU.Build.0 = Debug|Any CPU
		{DA27AE9F-B5CF-4D8B-8881-8C73D9400790}.Release|Any CPU.ActiveCfg = Release|Any CPU
		{DA27AE9F-B5CF-4D8B-8881-8C73D9400790}.Release|Any CPU.Build.0 = Release|Any CPU
	EndGlobalSection
	GlobalSection(SolutionProperties) = preSolution
		HideSolutionNode = FALSE
	EndGlobalSection
	GlobalSection(ExtensibilityGlobals) = postSolution
		SolutionGuid = {B4A1632F-1313-482F-A6DD-ED110E6C0353}
	EndGlobalSection
EndGlobal
